Microsoft Visual Studio Solution File, Format Version 12.00
# Visual Studio Version 16
VisualStudioVersion = 16.0.29509.3
MinimumVisualStudioVersion = 10.0.40219.1
Project("{9A19103F-16F7-4668-BE54-9A1E7A4F7556}") = "SharpNeatLib", "SharpNeatLib\SharpNeatLib.csproj", "{ABC5C77A-DEBA-420C-926C-BD3E6F37AE15}"
EndProject
Project("{9A19103F-16F7-4668-BE54-9A1E7A4F7556}") = "SharpNeatLib.Tests", "SharpNeatLib.Tests\SharpNeatLib.Tests.csproj", "{82693464-8DBA-438B-80E2-F92F7E842495}"
EndProject
Project("{9A19103F-16F7-4668-BE54-9A1E7A4F7556}") = "Redzen", "Redzen\Redzen.csproj", "{461CF97A-6AF5-42AB-B313-544411A014CE}"
EndProject
Global
	GlobalSection(SolutionConfigurationPlatforms) = preSolution
		Debug|Any CPU = Debug|Any CPU
		Debug|Mixed Platforms = Debug|Mixed Platforms
		Debug|x86 = Debug|x86
		Release|Any CPU = Release|Any CPU
		Release|Mixed Platforms = Release|Mixed Platforms
		Release|x86 = Release|x86
	EndGlobalSection
	GlobalSection(ProjectConfigurationPlatforms) = postSolution
		{ABC5C77A-DEBA-420C-926C-BD3E6F37AE15}.Debug|Any CPU.ActiveCfg = Debug|Any CPU
		{ABC5C77A-DEBA-420C-926C-BD3E6F37AE15}.Debug|Any CPU.Build.0 = Debug|Any CPU
		{ABC5C77A-DEBA-420C-926C-BD3E6F37AE15}.Debug|Mixed Platforms.ActiveCfg = Debug|Any CPU
		{ABC5C77A-DEBA-420C-926C-BD3E6F37AE15}.Debug|Mixed Platforms.Build.0 = Debug|Any CPU
		{ABC5C77A-DEBA-420C-926C-BD3E6F37AE15}.Debug|x86.ActiveCfg = Debug|Any CPU
		{ABC5C77A-DEBA-420C-926C-BD3E6F37AE15}.Release|Any CPU.ActiveCfg = Release|Any CPU
		{ABC5C77A-DEBA-420C-926C-BD3E6F37AE15}.Release|Any CPU.Build.0 = Release|Any CPU
		{ABC5C77A-DEBA-420C-926C-BD3E6F37AE15}.Release|Mixed Platforms.ActiveCfg = Release|Any CPU
		{ABC5C77A-DEBA-420C-926C-BD3E6F37AE15}.Release|Mixed Platforms.Build.0 = Release|Any CPU
		{ABC5C77A-DEBA-420C-926C-BD3E6F37AE15}.Release|x86.ActiveCfg = Release|Any CPU
		{82693464-8DBA-438B-80E2-F92F7E842495}.Debug|Any CPU.ActiveCfg = Debug|Any CPU
		{82693464-8DBA-438B-80E2-F92F7E842495}.Debug|Any CPU.Build.0 = Debug|Any CPU
		{82693464-8DBA-438B-80E2-F92F7E842495}.Debug|Mixed Platforms.ActiveCfg = Debug|Any CPU
		{82693464-8DBA-438B-80E2-F92F7E842495}.Debug|Mixed Platforms.Build.0 = Debug|Any CPU
		{82693464-8DBA-438B-80E2-F92F7E842495}.Debug|x86.ActiveCfg = Debug|Any CPU
		{82693464-8DBA-438B-80E2-F92F7E842495}.Debug|x86.Build.0 = Debug|Any CPU
		{82693464-8DBA-438B-80E2-F92F7E842495}.Release|Any CPU.ActiveCfg = Release|Any CPU
		{82693464-8DBA-438B-80E2-F92F7E842495}.Release|Any CPU.Build.0 = Release|Any CPU
		{82693464-8DBA-438B-80E2-F92F7E842495}.Release|Mixed Platforms.ActiveCfg = Release|Any CPU
		{82693464-8DBA-438B-80E2-F92F7E842495}.Release|Mixed Platforms.Build.0 = Release|Any CPU
		{82693464-8DBA-438B-80E2-F92F7E842495}.Release|x86.ActiveCfg = Release|Any CPU
		{82693464-8DBA-438B-80E2-F92F7E842495}.Release|x86.Build.0 = Release|Any CPU
		{461CF97A-6AF5-42AB-B313-544411A014CE}.Debug|Any CPU.ActiveCfg = Debug|Any CPU
		{461CF97A-6AF5-42AB-B313-544411A014CE}.Debug|Any CPU.Build.0 = Debug|Any CPU
		{461CF97A-6AF5-42AB-B313-544411A014CE}.Debug|Mixed Platforms.ActiveCfg = Debug|Any CPU
		{461CF97A-6AF5-42AB-B313-544411A014CE}.Debug|Mixed Platforms.Build.0 = Debug|Any CPU
		{461CF97A-6AF5-42AB-B313-544411A014CE}.Debug|x86.ActiveCfg = Debug|Any CPU
		{461CF97A-6AF5-42AB-B313-544411A014CE}.Debug|x86.Build.0 = Debug|Any CPU
		{461CF97A-6AF5-42AB-B313-544411A014CE}.Release|Any CPU.ActiveCfg = Release|Any CPU
		{461CF97A-6AF5-42AB-B313-544411A014CE}.Release|Any CPU.Build.0 = Release|Any CPU
		{461CF97A-6AF5-42AB-B313-544411A014CE}.Release|Mixed Platforms.ActiveCfg = Release|Any CPU
		{461CF97A-6AF5-42AB-B313-544411A014CE}.Release|Mixed Platforms.Build.0 = Release|Any CPU
		{461CF97A-6AF5-42AB-B313-544411A014CE}.Release|x86.ActiveCfg = Release|Any CPU
		{461CF97A-6AF5-42AB-B313-544411A014CE}.Release|x86.Build.0 = Release|Any CPU
	EndGlobalSection
	GlobalSection(SolutionProperties) = preSolution
		HideSolutionNode = FALSE
	EndGlobalSection
	GlobalSection(ExtensibilityGlobals) = postSolution
		SolutionGuid = {8ADC7F7C-5094-4F8D-BD42-42C447412929}
	EndGlobalSection
EndGlobal
