
Microsoft Visual Studio Solution File, Format Version 12.00
# Visual Studio Version 16
VisualStudioVersion = 16.0.29613.14
MinimumVisualStudioVersion = 10.0.40219.1
Project("{9A19103F-16F7-4668-BE54-9A1E7A4F7556}") = "GamePriceComparison", "GamePriceComparison\GamePriceComparison.csproj", "{0363A899-CEB6-495E-869A-3630DD430BE1}"
EndProject
Project("{FAE04EC0-301F-11D3-BF4B-00C04F79EFBC}") = "GamePriceComparison.Tests", "GamePriceComparison.Tests\GamePriceComparison.Tests.csproj", "{F46CE23E-1B03-4E65-A2CB-44521E67C3B3}"
	ProjectSection(ProjectDependencies) = postProject
		{0363A899-CEB6-495E-869A-3630DD430BE1} = {0363A899-CEB6-495E-869A-3630DD430BE1}
	EndProjectSection
EndProject
Global
	GlobalSection(SolutionConfigurationPlatforms) = preSolution
		Debug|Any CPU = Debug|Any CPU
		Release|Any CPU = Release|Any CPU
	EndGlobalSection
	GlobalSection(ProjectConfigurationPlatforms) = postSolution
		{0363A899-CEB6-495E-869A-3630DD430BE1}.Debug|Any CPU.ActiveCfg = Debug|Any CPU
		{0363A899-CEB6-495E-869A-3630DD430BE1}.Debug|Any CPU.Build.0 = Debug|Any CPU
		{0363A899-CEB6-495E-869A-3630DD430BE1}.Release|Any CPU.ActiveCfg = Release|Any CPU
		{0363A899-CEB6-495E-869A-3630DD430BE1}.Release|Any CPU.Build.0 = Release|Any CPU
		{F46CE23E-1B03-4E65-A2CB-44521E67C3B3}.Debug|Any CPU.ActiveCfg = Debug|Any CPU
		{F46CE23E-1B03-4E65-A2CB-44521E67C3B3}.Debug|Any CPU.Build.0 = Debug|Any CPU
		{F46CE23E-1B03-4E65-A2CB-44521E67C3B3}.Release|Any CPU.ActiveCfg = Release|Any CPU
		{F46CE23E-1B03-4E65-A2CB-44521E67C3B3}.Release|Any CPU.Build.0 = Release|Any CPU
	EndGlobalSection
	GlobalSection(SolutionProperties) = preSolution
		HideSolutionNode = FALSE
	EndGlobalSection
	GlobalSection(ExtensibilityGlobals) = postSolution
		SolutionGuid = {F56A6471-55BB-4BD7-B1B0-D69D0832356D}
	EndGlobalSection
EndGlobal
