
Microsoft Visual Studio Solution File, Format Version 12.00
# Visual Studio Version 16
VisualStudioVersion = 16.0.29806.167
MinimumVisualStudioVersion = 10.0.40219.1
Project("{FAE04EC0-301F-11D3-BF4B-00C04F79EFBC}") = "TelegramBot", "TelegramBot\TelegramBot.csproj", "{B9EA8810-C34C-4973-B1C1-8C497525739B}"
EndProject
Global
	GlobalSection(SolutionConfigurationPlatforms) = preSolution
		Debug|Any CPU = Debug|Any CPU
		Release|Any CPU = Release|Any CPU
	EndGlobalSection
	GlobalSection(ProjectConfigurationPlatforms) = postSolution
		{B9EA8810-C34C-4973-B1C1-8C497525739B}.Debug|Any CPU.ActiveCfg = Debug|Any CPU
		{B9EA8810-C34C-4973-B1C1-8C497525739B}.Debug|Any CPU.Build.0 = Debug|Any CPU
		{B9EA8810-C34C-4973-B1C1-8C497525739B}.Release|Any CPU.ActiveCfg = Release|Any CPU
		{B9EA8810-C34C-4973-B1C1-8C497525739B}.Release|Any CPU.Build.0 = Release|Any CPU
	EndGlobalSection
	GlobalSection(SolutionProperties) = preSolution
		HideSolutionNode = FALSE
	EndGlobalSection
	GlobalSection(ExtensibilityGlobals) = postSolution
		SolutionGuid = {15A2C482-DFE8-440E-827A-FBBB067398CC}
	EndGlobalSection
EndGlobal
