
Microsoft Visual Studio Solution File, Format Version 12.00
# Visual Studio Version 16
VisualStudioVersion = 16.0.29806.167
MinimumVisualStudioVersion = 10.0.40219.1
Project("{9A19103F-16F7-4668-BE54-9A1E7A4F7556}") = "HtmlBanner.Web", "HtmlBanner.Web\HtmlBanner.Web.csproj", "{F91DB91C-0A10-4E59-A7A8-76A75355E17E}"
EndProject
Project("{2150E333-8FDC-42A3-9474-1A3956D46DE8}") = "Solution Items", "Solution Items", "{6EA935AB-6F08-4DA1-95B9-848F0716241F}"
	ProjectSection(SolutionItems) = preProject
		..\README.md = ..\README.md
	EndProjectSection
EndProject
Global
	GlobalSection(SolutionConfigurationPlatforms) = preSolution
		Debug|Any CPU = Debug|Any CPU
		Release|Any CPU = Release|Any CPU
	EndGlobalSection
	GlobalSection(ProjectConfigurationPlatforms) = postSolution
		{F91DB91C-0A10-4E59-A7A8-76A75355E17E}.Debug|Any CPU.ActiveCfg = Debug|Any CPU
		{F91DB91C-0A10-4E59-A7A8-76A75355E17E}.Debug|Any CPU.Build.0 = Debug|Any CPU
		{F91DB91C-0A10-4E59-A7A8-76A75355E17E}.Release|Any CPU.ActiveCfg = Release|Any CPU
		{F91DB91C-0A10-4E59-A7A8-76A75355E17E}.Release|Any CPU.Build.0 = Release|Any CPU
	EndGlobalSection
	GlobalSection(SolutionProperties) = preSolution
		HideSolutionNode = FALSE
	EndGlobalSection
	GlobalSection(ExtensibilityGlobals) = postSolution
		SolutionGuid = {2BD07B80-3ED5-4B01-9703-EC2CF85846BC}
	EndGlobalSection
EndGlobal
