
Microsoft Visual Studio Solution File, Format Version 12.00
# Visual Studio Version 16
VisualStudioVersion = 16.0.29306.81
MinimumVisualStudioVersion = 10.0.40219.1
Project("{9A19103F-16F7-4668-BE54-9A1E7A4F7556}") = "ActinUranium.Proposals.DiamondPriceCalculator", "DiamondPriceCalculator\ActinUranium.Proposals.DiamondPriceCalculator.csproj", "{5A720971-1EF5-44CF-BFF0-A9E0F12457E9}"
EndProject
Global
	GlobalSection(SolutionConfigurationPlatforms) = preSolution
		Debug|Any CPU = Debug|Any CPU
		Release|Any CPU = Release|Any CPU
	EndGlobalSection
	GlobalSection(ProjectConfigurationPlatforms) = postSolution
		{5A720971-1EF5-44CF-BFF0-A9E0F12457E9}.Debug|Any CPU.ActiveCfg = Debug|Any CPU
		{5A720971-1EF5-44CF-BFF0-A9E0F12457E9}.Debug|Any CPU.Build.0 = Debug|Any CPU
		{5A720971-1EF5-44CF-BFF0-A9E0F12457E9}.Release|Any CPU.ActiveCfg = Release|Any CPU
		{5A720971-1EF5-44CF-BFF0-A9E0F12457E9}.Release|Any CPU.Build.0 = Release|Any CPU
	EndGlobalSection
	GlobalSection(SolutionProperties) = preSolution
		HideSolutionNode = FALSE
	EndGlobalSection
	GlobalSection(ExtensibilityGlobals) = postSolution
		SolutionGuid = {BCBCBDF4-05BA-4090-BE12-043E9DBE5757}
	EndGlobalSection
EndGlobal
